// !$*UTF8*$!
{
	archiveVersion = 1;
	classes = {
	};
	objectVersion = 55;
	objects = {

/* Begin PBXBuildFile section */
		FB02B36127612A69008BE38B /* AppDelegate.swift in Sources */ = {isa = PBXBuildFile; fileRef = FB02B36027612A69008BE38B /* AppDelegate.swift */; };
		FB02B36327612A69008BE38B /* SceneDelegate.swift in Sources */ = {isa = PBXBuildFile; fileRef = FB02B36227612A69008BE38B /* SceneDelegate.swift */; };
		FB02B36527612A69008BE38B /* ViewController.swift in Sources */ = {isa = PBXBuildFile; fileRef = FB02B36427612A69008BE38B /* ViewController.swift */; };
		FB02B36827612A69008BE38B /* Main.storyboard in Resources */ = {isa = PBXBuildFile; fileRef = FB02B36627612A69008BE38B /* Main.storyboard */; };
		FB02B36A27612A6C008BE38B /* Assets.xcassets in Resources */ = {isa = PBXBuildFile; fileRef = FB02B36927612A6C008BE38B /* Assets.xcassets */; };
		FB02B36D27612A6C008BE38B /* LaunchScreen.storyboard in Resources */ = {isa = PBXBuildFile; fileRef = FB02B36B27612A6C008BE38B /* LaunchScreen.storyboard */; };
		FB02B37827612A6D008BE38B /* AVPlayerTestTests.swift in Sources */ = {isa = PBXBuildFile; fileRef = FB02B37727612A6D008BE38B /* AVPlayerTestTests.swift */; };
		FB02B38227612A6D008BE38B /* AVPlayerTestUITests.swift in Sources */ = {isa = PBXBuildFile; fileRef = FB02B38127612A6D008BE38B /* AVPlayerTestUITests.swift */; };
		FB02B38427612A6D008BE38B /* AVPlayerTestUITestsLaunchTests.swift in Sources */ = {isa = PBXBuildFile; fileRef = FB02B38327612A6D008BE38B /* AVPlayerTestUITestsLaunchTests.swift */; };
		FB02B3912761309C008BE38B /* CustomAVPlayerView.swift in Sources */ = {isa = PBXBuildFile; fileRef = FB02B3902761309C008BE38B /* CustomAVPlayerView.swift */; };
/* End PBXBuildFile section */

/* Begin PBXContainerItemProxy section */
		FB02B37427612A6D008BE38B /* PBXContainerItemProxy */ = {
			isa = PBXContainerItemProxy;
			containerPortal = FB02B35527612A69008BE38B /* Project object */;
			proxyType = 1;
			remoteGlobalIDString = FB02B35C27612A69008BE38B;
			remoteInfo = AVPlayerTest;
		};
		FB02B37E27612A6D008BE38B /* PBXContainerItemProxy */ = {
			isa = PBXContainerItemProxy;
			containerPortal = FB02B35527612A69008BE38B /* Project object */;
			proxyType = 1;
			remoteGlobalIDString = FB02B35C27612A69008BE38B;
			remoteInfo = AVPlayerTest;
		};
/* End PBXContainerItemProxy section */

/* Begin PBXFileReference section */
		FB02B35D27612A69008BE38B /* AVPlayerTest.app */ = {isa = PBXFileReference; explicitFileType = wrapper.application; includeInIndex = 0; path = AVPlayerTest.app; sourceTree = BUILT_PRODUCTS_DIR; };
		FB02B36027612A69008BE38B /* AppDelegate.swift */ = {isa = PBXFileReference; lastKnownFileType = sourcecode.swift; path = AppDelegate.swift; sourceTree = "<group>"; };
		FB02B36227612A69008BE38B /* SceneDelegate.swift */ = {isa = PBXFileReference; lastKnownFileType = sourcecode.swift; path = SceneDelegate.swift; sourceTree = "<group>"; };
		FB02B36427612A69008BE38B /* ViewController.swift */ = {isa = PBXFileReference; lastKnownFileType = sourcecode.swift; path = ViewController.swift; sourceTree = "<group>"; };
		FB02B36727612A69008BE38B /* Base */ = {isa = PBXFileReference; lastKnownFileType = file.storyboard; name = Base; path = Base.lproj/Main.storyboard; sourceTree = "<group>"; };
		FB02B36927612A6C008BE38B /* Assets.xcassets */ = {isa = PBXFileReference; lastKnownFileType = folder.assetcatalog; path = Assets.xcassets; sourceTree = "<group>"; };
		FB02B36C27612A6C008BE38B /* Base */ = {isa = PBXFileReference; lastKnownFileType = file.storyboard; name = Base; path = Base.lproj/LaunchScreen.storyboard; sourceTree = "<group>"; };
		FB02B36E27612A6C008BE38B /* Info.plist */ = {isa = PBXFileReference; lastKnownFileType = text.plist.xml; path = Info.plist; sourceTree = "<group>"; };
		FB02B37327612A6D008BE38B /* AVPlayerTestTests.xctest */ = {isa = PBXFileReference; explicitFileType = wrapper.cfbundle; includeInIndex = 0; path = AVPlayerTestTests.xctest; sourceTree = BUILT_PRODUCTS_DIR; };
		FB02B37727612A6D008BE38B /* AVPlayerTestTests.swift */ = {isa = PBXFileReference; lastKnownFileType = sourcecode.swift; path = AVPlayerTestTests.swift; sourceTree = "<group>"; };
		FB02B37D27612A6D008BE38B /* AVPlayerTestUITests.xctest */ = {isa = PBXFileReference; explicitFileType = wrapper.cfbundle; includeInIndex = 0; path = AVPlayerTestUITests.xctest; sourceTree = BUILT_PRODUCTS_DIR; };
		FB02B38127612A6D008BE38B /* AVPlayerTestUITests.swift */ = {isa = PBXFileReference; lastKnownFileType = sourcecode.swift; path = AVPlayerTestUITests.swift; sourceTree = "<group>"; };
		FB02B38327612A6D008BE38B /* AVPlayerTestUITestsLaunchTests.swift */ = {isa = PBXFileReference; lastKnownFileType = sourcecode.swift; path = AVPlayerTestUITestsLaunchTests.swift; sourceTree = "<group>"; };
		FB02B3902761309C008BE38B /* CustomAVPlayerView.swift */ = {isa = PBXFileReference; lastKnownFileType = sourcecode.swift; path = CustomAVPlayerView.swift; sourceTree = "<group>"; };
/* End PBXFileReference section */

/* Begin PBXFrameworksBuildPhase section */
		FB02B35A27612A69008BE38B /* Frameworks */ = {
			isa = PBXFrameworksBuildPhase;
			buildActionMask = 2147483647;
			files = (
			);
			runOnlyForDeploymentPostprocessing = 0;
		};
		FB02B37027612A6D008BE38B /* Frameworks */ = {
			isa = PBXFrameworksBuildPhase;
			buildActionMask = 2147483647;
			files = (
			);
			runOnlyForDeploymentPostprocessing = 0;
		};
		FB02B37A27612A6D008BE38B /* Frameworks */ = {
			isa = PBXFrameworksBuildPhase;
			buildActionMask = 2147483647;
			files = (
			);
			runOnlyForDeploymentPostprocessing = 0;
		};
/* End PBXFrameworksBuildPhase section */

/* Begin PBXGroup section */
		FB02B35427612A69008BE38B = {
			isa = PBXGroup;
			children = (
				FB02B35F27612A69008BE38B /* AVPlayerTest */,
				FB02B37627612A6D008BE38B /* AVPlayerTestTests */,
				FB02B38027612A6D008BE38B /* AVPlayerTestUITests */,
				FB02B35E27612A69008BE38B /* Products */,
			);
			sourceTree = "<group>";
		};
		FB02B35E27612A69008BE38B /* Products */ = {
			isa = PBXGroup;
			children = (
				FB02B35D27612A69008BE38B /* AVPlayerTest.app */,
				FB02B37327612A6D008BE38B /* AVPlayerTestTests.xctest */,
				FB02B37D27612A6D008BE38B /* AVPlayerTestUITests.xctest */,
			);
			name = Products;
			sourceTree = "<group>";
		};
		FB02B35F27612A69008BE38B /* AVPlayerTest */ = {
			isa = PBXGroup;
			children = (
				FB02B36027612A69008BE38B /* AppDelegate.swift */,
				FB02B36227612A69008BE38B /* SceneDelegate.swift */,
				FB02B36427612A69008BE38B /* ViewController.swift */,
				FB02B3902761309C008BE38B /* CustomAVPlayerView.swift */,
				FB02B36627612A69008BE38B /* Main.storyboard */,
				FB02B36927612A6C008BE38B /* Assets.xcassets */,
				FB02B36B27612A6C008BE38B /* LaunchScreen.storyboard */,
				FB02B36E27612A6C008BE38B /* Info.plist */,
			);
			path = AVPlayerTest;
			sourceTree = "<group>";
		};
		FB02B37627612A6D008BE38B /* AVPlayerTestTests */ = {
			isa = PBXGroup;
			children = (
				FB02B37727612A6D008BE38B /* AVPlayerTestTests.swift */,
			);
			path = AVPlayerTestTests;
			sourceTree = "<group>";
		};
		FB02B38027612A6D008BE38B /* AVPlayerTestUITests */ = {
			isa = PBXGroup;
			children = (
				FB02B38127612A6D008BE38B /* AVPlayerTestUITests.swift */,
				FB02B38327612A6D008BE38B /* AVPlayerTestUITestsLaunchTests.swift */,
			);
			path = AVPlayerTestUITests;
			sourceTree = "<group>";
		};
/* End PBXGroup section */

/* Begin PBXNativeTarget section */
		FB02B35C27612A69008BE38B /* AVPlayerTest */ = {
			isa = PBXNativeTarget;
			buildConfigurationList = FB02B38727612A6D008BE38B /* Build configuration list for PBXNativeTarget "AVPlayerTest" */;
			buildPhases = (
				FB02B35927612A69008BE38B /* Sources */,
				FB02B35A27612A69008BE38B /* Frameworks */,
				FB02B35B27612A69008BE38B /* Resources */,
			);
			buildRules = (
			);
			dependencies = (
			);
			name = AVPlayerTest;
			productName = AVPlayerTest;
			productReference = FB02B35D27612A69008BE38B /* AVPlayerTest.app */;
			productType = "com.apple.product-type.application";
		};
		FB02B37227612A6D008BE38B /* AVPlayerTestTests */ = {
			isa = PBXNativeTarget;
			buildConfigurationList = FB02B38A27612A6D008BE38B /* Build configuration list for PBXNativeTarget "AVPlayerTestTests" */;
			buildPhases = (
				FB02B36F27612A6D008BE38B /* Sources */,
				FB02B37027612A6D008BE38B /* Frameworks */,
				FB02B37127612A6D008BE38B /* Resources */,
			);
			buildRules = (
			);
			dependencies = (
				FB02B37527612A6D008BE38B /* PBXTargetDependency */,
			);
			name = AVPlayerTestTests;
			productName = AVPlayerTestTests;
			productReference = FB02B37327612A6D008BE38B /* AVPlayerTestTests.xctest */;
			productType = "com.apple.product-type.bundle.unit-test";
		};
		FB02B37C27612A6D008BE38B /* AVPlayerTestUITests */ = {
			isa = PBXNativeTarget;
			buildConfigurationList = FB02B38D27612A6D008BE38B /* Build configuration list for PBXNativeTarget "AVPlayerTestUITests" */;
			buildPhases = (
				FB02B37927612A6D008BE38B /* Sources */,
				FB02B37A27612A6D008BE38B /* Frameworks */,
				FB02B37B27612A6D008BE38B /* Resources */,
			);
			buildRules = (
			);
			dependencies = (
				FB02B37F27612A6D008BE38B /* PBXTargetDependency */,
			);
			name = AVPlayerTestUITests;
			productName = AVPlayerTestUITests;
			productReference = FB02B37D27612A6D008BE38B /* AVPlayerTestUITests.xctest */;
			productType = "com.apple.product-type.bundle.ui-testing";
		};
/* End PBXNativeTarget section */

/* Begin PBXProject section */
		FB02B35527612A69008BE38B /* Project object */ = {
			isa = PBXProject;
			attributes = {
				BuildIndependentTargetsInParallel = 1;
				LastSwiftUpdateCheck = 1300;
				LastUpgradeCheck = 1300;
				TargetAttributes = {
					FB02B35C27612A69008BE38B = {
						CreatedOnToolsVersion = 13.0;
					};
					FB02B37227612A6D008BE38B = {
						CreatedOnToolsVersion = 13.0;
						TestTargetID = FB02B35C27612A69008BE38B;
					};
					FB02B37C27612A6D008BE38B = {
						CreatedOnToolsVersion = 13.0;
						TestTargetID = FB02B35C27612A69008BE38B;
					};
				};
			};
			buildConfigurationList = FB02B35827612A69008BE38B /* Build configuration list for PBXProject "AVPlayerTest" */;
			compatibilityVersion = "Xcode 13.0";
			developmentRegion = en;
			hasScannedForEncodings = 0;
			knownRegions = (
				en,
				Base,
			);
			mainGroup = FB02B35427612A69008BE38B;
			productRefGroup = FB02B35E27612A69008BE38B /* Products */;
			projectDirPath = "";
			projectRoot = "";
			targets = (
				FB02B35C27612A69008BE38B /* AVPlayerTest */,
				FB02B37227612A6D008BE38B /* AVPlayerTestTests */,
				FB02B37C27612A6D008BE38B /* AVPlayerTestUITests */,
			);
		};
/* End PBXProject section */

/* Begin PBXResourcesBuildPhase section */
		FB02B35B27612A69008BE38B /* Resources */ = {
			isa = PBXResourcesBuildPhase;
			buildActionMask = 2147483647;
			files = (
				FB02B36D27612A6C008BE38B /* LaunchScreen.storyboard in Resources */,
				FB02B36A27612A6C008BE38B /* Assets.xcassets in Resources */,
				FB02B36827612A69008BE38B /* Main.storyboard in Resources */,
			);
			runOnlyForDeploymentPostprocessing = 0;
		};
		FB02B37127612A6D008BE38B /* Resources */ = {
			isa = PBXResourcesBuildPhase;
			buildActionMask = 2147483647;
			files = (
			);
			runOnlyForDeploymentPostprocessing = 0;
		};
		FB02B37B27612A6D008BE38B /* Resources */ = {
			isa = PBXResourcesBuildPhase;
			buildActionMask = 2147483647;
			files = (
			);
			runOnlyForDeploymentPostprocessing = 0;
		};
/* End PBXResourcesBuildPhase section */

/* Begin PBXSourcesBuildPhase section */
		FB02B35927612A69008BE38B /* Sources */ = {
			isa = PBXSourcesBuildPhase;
			buildActionMask = 2147483647;
			files = (
				FB02B36527612A69008BE38B /* ViewController.swift in Sources */,
				FB02B36127612A69008BE38B /* AppDelegate.swift in Sources */,
				FB02B36327612A69008BE38B /* SceneDelegate.swift in Sources */,
				FB02B3912761309C008BE38B /* CustomAVPlayerView.swift in Sources */,
			);
			runOnlyForDeploymentPostprocessing = 0;
		};
		FB02B36F27612A6D008BE38B /* Sources */ = {
			isa = PBXSourcesBuildPhase;
			buildActionMask = 2147483647;
			files = (
				FB02B37827612A6D008BE38B /* AVPlayerTestTests.swift in Sources */,
			);
			runOnlyForDeploymentPostprocessing = 0;
		};
		FB02B37927612A6D008BE38B /* Sources */ = {
			isa = PBXSourcesBuildPhase;
			buildActionMask = 2147483647;
			files = (
				FB02B38427612A6D008BE38B /* AVPlayerTestUITestsLaunchTests.swift in Sources */,
				FB02B38227612A6D008BE38B /* AVPlayerTestUITests.swift in Sources */,
			);
			runOnlyForDeploymentPostprocessing = 0;
		};
/* End PBXSourcesBuildPhase section */

/* Begin PBXTargetDependency section */
		FB02B37527612A6D008BE38B /* PBXTargetDependency */ = {
			isa = PBXTargetDependency;
			target = FB02B35C27612A69008BE38B /* AVPlayerTest */;
			targetProxy = FB02B37427612A6D008BE38B /* PBXContainerItemProxy */;
		};
		FB02B37F27612A6D008BE38B /* PBXTargetDependency */ = {
			isa = PBXTargetDependency;
			target = FB02B35C27612A69008BE38B /* AVPlayerTest */;
			targetProxy = FB02B37E27612A6D008BE38B /* PBXContainerItemProxy */;
		};
/* End PBXTargetDependency section */

/* Begin PBXVariantGroup section */
		FB02B36627612A69008BE38B /* Main.storyboard */ = {
			isa = PBXVariantGroup;
			children = (
				FB02B36727612A69008BE38B /* Base */,
			);
			name = Main.storyboard;
			sourceTree = "<group>";
		};
		FB02B36B27612A6C008BE38B /* LaunchScreen.storyboard */ = {
			isa = PBXVariantGroup;
			children = (
				FB02B36C27612A6C008BE38B /* Base */,
			);
			name = LaunchScreen.storyboard;
			sourceTree = "<group>";
		};
/* End PBXVariantGroup section */

/* Begin XCBuildConfiguration section */
		FB02B38527612A6D008BE38B /* Debug */ = {
			isa = XCBuildConfiguration;
			buildSettings = {
				ALWAYS_SEARCH_USER_PATHS = NO;
				CLANG_ANALYZER_NONNULL = YES;
				CLANG_ANALYZER_NUMBER_OBJECT_CONVERSION = YES_AGGRESSIVE;
				CLANG_CXX_LANGUAGE_STANDARD = "gnu++17";
				CLANG_CXX_LIBRARY = "libc++";
				CLANG_ENABLE_MODULES = YES;
				CLANG_ENABLE_OBJC_ARC = YES;
				CLANG_ENABLE_OBJC_WEAK = YES;
				CLANG_WARN_BLOCK_CAPTURE_AUTORELEASING = YES;
				CLANG_WARN_BOOL_CONVERSION = YES;
				CLANG_WARN_COMMA = YES;
				CLANG_WARN_CONSTANT_CONVERSION = YES;
				CLANG_WARN_DEPRECATED_OBJC_IMPLEMENTATIONS = YES;
				CLANG_WARN_DIRECT_OBJC_ISA_USAGE = YES_ERROR;
				CLANG_WARN_DOCUMENTATION_COMMENTS = YES;
				CLANG_WARN_EMPTY_BODY = YES;
				CLANG_WARN_ENUM_CONVERSION = YES;
				CLANG_WARN_INFINITE_RECURSION = YES;
				CLANG_WARN_INT_CONVERSION = YES;
				CLANG_WARN_NON_LITERAL_NULL_CONVERSION = YES;
				CLANG_WARN_OBJC_IMPLICIT_RETAIN_SELF = YES;
				CLANG_WARN_OBJC_LITERAL_CONVERSION = YES;
				CLANG_WARN_OBJC_ROOT_CLASS = YES_ERROR;
				CLANG_WARN_QUOTED_INCLUDE_IN_FRAMEWORK_HEADER = YES;
				CLANG_WARN_RANGE_LOOP_ANALYSIS = YES;
				CLANG_WARN_STRICT_PROTOTYPES = YES;
				CLANG_WARN_SUSPICIOUS_MOVE = YES;
				CLANG_WARN_UNGUARDED_AVAILABILITY = YES_AGGRESSIVE;
				CLANG_WARN_UNREACHABLE_CODE = YES;
				CLANG_WARN__DUPLICATE_METHOD_MATCH = YES;
				COPY_PHASE_STRIP = NO;
				DEBUG_INFORMATION_FORMAT = dwarf;
				ENABLE_STRICT_OBJC_MSGSEND = YES;
				ENABLE_TESTABILITY = YES;
				GCC_C_LANGUAGE_STANDARD = gnu11;
				GCC_DYNAMIC_NO_PIC = NO;
				GCC_NO_COMMON_BLOCKS = YES;
				GCC_OPTIMIZATION_LEVEL = 0;
				GCC_PREPROCESSOR_DEFINITIONS = (
					"DEBUG=1",
					"$(inherited)",
				);
				GCC_WARN_64_TO_32_BIT_CONVERSION = YES;
				GCC_WARN_ABOUT_RETURN_TYPE = YES_ERROR;
				GCC_WARN_UNDECLARED_SELECTOR = YES;
				GCC_WARN_UNINITIALIZED_AUTOS = YES_AGGRESSIVE;
				GCC_WARN_UNUSED_FUNCTION = YES;
				GCC_WARN_UNUSED_VARIABLE = YES;
				IPHONEOS_DEPLOYMENT_TARGET = 15.0;
				MTL_ENABLE_DEBUG_INFO = INCLUDE_SOURCE;
				MTL_FAST_MATH = YES;
				ONLY_ACTIVE_ARCH = YES;
				SDKROOT = iphoneos;
				SWIFT_ACTIVE_COMPILATION_CONDITIONS = DEBUG;
				SWIFT_OPTIMIZATION_LEVEL = "-Onone";
			};
			name = Debug;
		};
		FB02B38627612A6D008BE38B /* Release */ = {
			isa = XCBuildConfiguration;
			buildSettings = {
				ALWAYS_SEARCH_USER_PATHS = NO;
				CLANG_ANALYZER_NONNULL = YES;
				CLANG_ANALYZER_NUMBER_OBJECT_CONVERSION = YES_AGGRESSIVE;
				CLANG_CXX_LANGUAGE_STANDARD = "gnu++17";
				CLANG_CXX_LIBRARY = "libc++";
				CLANG_ENABLE_MODULES = YES;
				CLANG_ENABLE_OBJC_ARC = YES;
				CLANG_ENABLE_OBJC_WEAK = YES;
				CLANG_WARN_BLOCK_CAPTURE_AUTORELEASING = YES;
				CLANG_WARN_BOOL_CONVERSION = YES;
				CLANG_WARN_COMMA = YES;
				CLANG_WARN_CONSTANT_CONVERSION = YES;
				CLANG_WARN_DEPRECATED_OBJC_IMPLEMENTATIONS = YES;
				CLANG_WARN_DIRECT_OBJC_ISA_USAGE = YES_ERROR;
				CLANG_WARN_DOCUMENTATION_COMMENTS = YES;
				CLANG_WARN_EMPTY_BODY = YES;
				CLANG_WARN_ENUM_CONVERSION = YES;
				CLANG_WARN_INFINITE_RECURSION = YES;
				CLANG_WARN_INT_CONVERSION = YES;
				CLANG_WARN_NON_LITERAL_NULL_CONVERSION = YES;
				CLANG_WARN_OBJC_IMPLICIT_RETAIN_SELF = YES;
				CLANG_WARN_OBJC_LITERAL_CONVERSION = YES;
				CLANG_WARN_OBJC_ROOT_CLASS = YES_ERROR;
				CLANG_WARN_QUOTED_INCLUDE_IN_FRAMEWORK_HEADER = YES;
				CLANG_WARN_RANGE_LOOP_ANALYSIS = YES;
				CLANG_WARN_STRICT_PROTOTYPES = YES;
				CLANG_WARN_SUSPICIOUS_MOVE = YES;
				CLANG_WARN_UNGUARDED_AVAILABILITY = YES_AGGRESSIVE;
				CLANG_WARN_UNREACHABLE_CODE = YES;
				CLANG_WARN__DUPLICATE_METHOD_MATCH = YES;
				COPY_PHASE_STRIP = NO;
				DEBUG_INFORMATION_FORMAT = "dwarf-with-dsym";
				ENABLE_NS_ASSERTIONS = NO;
				ENABLE_STRICT_OBJC_MSGSEND = YES;
				GCC_C_LANGUAGE_STANDARD = gnu11;
				GCC_NO_COMMON_BLOCKS = YES;
				GCC_WARN_64_TO_32_BIT_CONVERSION = YES;
				GCC_WARN_ABOUT_RETURN_TYPE = YES_ERROR;
				GCC_WARN_UNDECLARED_SELECTOR = YES;
				GCC_WARN_UNINITIALIZED_AUTOS = YES_AGGRESSIVE;
				GCC_WARN_UNUSED_FUNCTION = YES;
				GCC_WARN_UNUSED_VARIABLE = YES;
				IPHONEOS_DEPLOYMENT_TARGET = 15.0;
				MTL_ENABLE_DEBUG_INFO = NO;
				MTL_FAST_MATH = YES;
				SDKROOT = iphoneos;
				SWIFT_COMPILATION_MODE = wholemodule;
				SWIFT_OPTIMIZATION_LEVEL = "-O";
				VALIDATE_PRODUCT = YES;
			};
			name = Release;
		};
		FB02B38827612A6D008BE38B /* Debug */ = {
			isa = XCBuildConfiguration;
			buildSettings = {
				ASSETCATALOG_COMPILER_APPICON_NAME = AppIcon;
				ASSETCATALOG_COMPILER_GLOBAL_ACCENT_COLOR_NAME = AccentColor;
				CODE_SIGN_STYLE = Automatic;
				CURRENT_PROJECT_VERSION = 1;
				GENERATE_INFOPLIST_FILE = YES;
				INFOPLIST_FILE = AVPlayerTest/Info.plist;
				INFOPLIST_KEY_UIApplicationSupportsIndirectInputEvents = YES;
				INFOPLIST_KEY_UILaunchStoryboardName = LaunchScreen;
				INFOPLIST_KEY_UIMainStoryboardFile = Main;
				INFOPLIST_KEY_UISupportedInterfaceOrientations_iPad = "UIInterfaceOrientationPortrait UIInterfaceOrientationPortraitUpsideDown UIInterfaceOrientationLandscapeLeft UIInterfaceOrientationLandscapeRight";
				INFOPLIST_KEY_UISupportedInterfaceOrientations_iPhone = "UIInterfaceOrientationPortrait UIInterfaceOrientationLandscapeLeft UIInterfaceOrientationLandscapeRight";
				LD_RUNPATH_SEARCH_PATHS = (
					"$(inherited)",
					"@executable_path/Frameworks",
				);
				MARKETING_VERSION = 1.0;
				PRODUCT_BUNDLE_IDENTIFIER = com.test.AVPlayerTest;
				PRODUCT_NAME = "$(TARGET_NAME)";
				SWIFT_EMIT_LOC_STRINGS = YES;
				SWIFT_VERSION = 5.0;
				TARGETED_DEVICE_FAMILY = "1,2";
			};
			name = Debug;
		};
		FB02B38927612A6D008BE38B /* Release */ = {
			isa = XCBuildConfiguration;
			buildSettings = {
				ASSETCATALOG_COMPILER_APPICON_NAME = AppIcon;
				ASSETCATALOG_COMPILER_GLOBAL_ACCENT_COLOR_NAME = AccentColor;
				CODE_SIGN_STYLE = Automatic;
				CURRENT_PROJECT_VERSION = 1;
				GENERATE_INFOPLIST_FILE = YES;
				INFOPLIST_FILE = AVPlayerTest/Info.plist;
				INFOPLIST_KEY_UIApplicationSupportsIndirectInputEvents = YES;
				INFOPLIST_KEY_UILaunchStoryboardName = LaunchScreen;
				INFOPLIST_KEY_UIMainStoryboardFile = Main;
				INFOPLIST_KEY_UISupportedInterfaceOrientations_iPad = "UIInterfaceOrientationPortrait UIInterfaceOrientationPortraitUpsideDown UIInterfaceOrientationLandscapeLeft UIInterfaceOrientationLandscapeRight";
				INFOPLIST_KEY_UISupportedInterfaceOrientations_iPhone = "UIInterfaceOrientationPortrait UIInterfaceOrientationLandscapeLeft UIInterfaceOrientationLandscapeRight";
				LD_RUNPATH_SEARCH_PATHS = (
					"$(inherited)",
					"@executable_path/Frameworks",
				);
				MARKETING_VERSION = 1.0;
				PRODUCT_BUNDLE_IDENTIFIER = com.test.AVPlayerTest;
				PRODUCT_NAME = "$(TARGET_NAME)";
				SWIFT_EMIT_LOC_STRINGS = YES;
				SWIFT_VERSION = 5.0;
				TARGETED_DEVICE_FAMILY = "1,2";
			};
			name = Release;
		};
		FB02B38B27612A6D008BE38B /* Debug */ = {
			isa = XCBuildConfiguration;
			buildSettings = {
				ALWAYS_EMBED_SWIFT_STANDARD_LIBRARIES = YES;
				BUNDLE_LOADER = "$(TEST_HOST)";
				CODE_SIGN_STYLE = Automatic;
				CURRENT_PROJECT_VERSION = 1;
				GENERATE_INFOPLIST_FILE = YES;
				IPHONEOS_DEPLOYMENT_TARGET = 15.0;
				LD_RUNPATH_SEARCH_PATHS = (
					"$(inherited)",
					"@executable_path/Frameworks",
					"@loader_path/Frameworks",
				);
				MARKETING_VERSION = 1.0;
				PRODUCT_BUNDLE_IDENTIFIER = com.test.AVPlayerTestTests;
				PRODUCT_NAME = "$(TARGET_NAME)";
				SWIFT_EMIT_LOC_STRINGS = NO;
				SWIFT_VERSION = 5.0;
				TARGETED_DEVICE_FAMILY = "1,2";
				TEST_HOST = "$(BUILT_PRODUCTS_DIR)/AVPlayerTest.app/AVPlayerTest";
			};
			name = Debug;
		};
		FB02B38C27612A6D008BE38B /* Release */ = {
			isa = XCBuildConfiguration;
			buildSettings = {
				ALWAYS_EMBED_SWIFT_STANDARD_LIBRARIES = YES;
				BUNDLE_LOADER = "$(TEST_HOST)";
				CODE_SIGN_STYLE = Automatic;
				CURRENT_PROJECT_VERSION = 1;
				GENERATE_INFOPLIST_FILE = YES;
				IPHONEOS_DEPLOYMENT_TARGET = 15.0;
				LD_RUNPATH_SEARCH_PATHS = (
					"$(inherited)",
					"@executable_path/Frameworks",
					"@loader_path/Frameworks",
				);
				MARKETING_VERSION = 1.0;
				PRODUCT_BUNDLE_IDENTIFIER = com.test.AVPlayerTestTests;
				PRODUCT_NAME = "$(TARGET_NAME)";
				SWIFT_EMIT_LOC_STRINGS = NO;
				SWIFT_VERSION = 5.0;
				TARGETED_DEVICE_FAMILY = "1,2";
				TEST_HOST = "$(BUILT_PRODUCTS_DIR)/AVPlayerTest.app/AVPlayerTest";
			};
			name = Release;
		};
		FB02B38E27612A6D008BE38B /* Debug */ = {
			isa = XCBuildConfiguration;
			buildSettings = {
				ALWAYS_EMBED_SWIFT_STANDARD_LIBRARIES = YES;
				CODE_SIGN_STYLE = Automatic;
				CURRENT_PROJECT_VERSION = 1;
				GENERATE_INFOPLIST_FILE = YES;
				LD_RUNPATH_SEARCH_PATHS = (
					"$(inherited)",
					"@executable_path/Frameworks",
					"@loader_path/Frameworks",
				);
				MARKETING_VERSION = 1.0;
				PRODUCT_BUNDLE_IDENTIFIER = com.test.AVPlayerTestUITests;
				PRODUCT_NAME = "$(TARGET_NAME)";
				SWIFT_EMIT_LOC_STRINGS = NO;
				SWIFT_VERSION = 5.0;
				TARGETED_DEVICE_FAMILY = "1,2";
				TEST_TARGET_NAME = AVPlayerTest;
			};
			name = Debug;
		};
		FB02B38F27612A6D008BE38B /* Release */ = {
			isa = XCBuildConfiguration;
			buildSettings = {
				ALWAYS_EMBED_SWIFT_STANDARD_LIBRARIES = YES;
				CODE_SIGN_STYLE = Automatic;
				CURRENT_PROJECT_VERSION = 1;
				GENERATE_INFOPLIST_FILE = YES;
				LD_RUNPATH_SEARCH_PATHS = (
					"$(inherited)",
					"@executable_path/Frameworks",
					"@loader_path/Frameworks",
				);
				MARKETING_VERSION = 1.0;
				PRODUCT_BUNDLE_IDENTIFIER = com.test.AVPlayerTestUITests;
				PRODUCT_NAME = "$(TARGET_NAME)";
				SWIFT_EMIT_LOC_STRINGS = NO;
				SWIFT_VERSION = 5.0;
				TARGETED_DEVICE_FAMILY = "1,2";
				TEST_TARGET_NAME = AVPlayerTest;
			};
			name = Release;
		};
/* End XCBuildConfiguration section */

/* Begin XCConfigurationList section */
		FB02B35827612A69008BE38B /* Build configuration list for PBXProject "AVPlayerTest" */ = {
			isa = XCConfigurationList;
			buildConfigurations = (
				FB02B38527612A6D008BE38B /* Debug */,
				FB02B38627612A6D008BE38B /* Release */,
			);
			defaultConfigurationIsVisible = 0;
			defaultConfigurationName = Release;
		};
		FB02B38727612A6D008BE38B /* Build configuration list for PBXNativeTarget "AVPlayerTest" */ = {
			isa = XCConfigurationList;
			buildConfigurations = (
				FB02B38827612A6D008BE38B /* Debug */,
				FB02B38927612A6D008BE38B /* Release */,
			);
			defaultConfigurationIsVisible = 0;
			defaultConfigurationName = Release;
		};
		FB02B38A27612A6D008BE38B /* Build configuration list for PBXNativeTarget "AVPlayerTestTests" */ = {
			isa = XCConfigurationList;
			buildConfigurations = (
				FB02B38B27612A6D008BE38B /* Debug */,
				FB02B38C27612A6D008BE38B /* Release */,
			);
			defaultConfigurationIsVisible = 0;
			defaultConfigurationName = Release;
		};
		FB02B38D27612A6D008BE38B /* Build configuration list for PBXNativeTarget "AVPlayerTestUITests" */ = {
			isa = XCConfigurationList;
			buildConfigurations = (
				FB02B38E27612A6D008BE38B /* Debug */,
				FB02B38F27612A6D008BE38B /* Release */,
			);
			defaultConfigurationIsVisible = 0;
			defaultConfigurationName = Release;
		};
/* End XCConfigurationList section */
	};
	rootObject = FB02B35527612A69008BE38B /* Project object */;
}
